
Microsoft Visual Studio Solution File, Format Version 12.00
# Visual Studio Version 17
VisualStudioVersion = 17.13.35931.197 d17.13
MinimumVisualStudioVersion = 10.0.40219.1
Project("{FAE04EC0-301F-11D3-BF4B-00C04F79EFBC}") = "PBL3WebAPI", "PBL3WebAPI.csproj", "{1BB82508-91DE-42B3-8CBB-6283AF8BF884}"
EndProject
Global
	GlobalSection(SolutionConfigurationPlatforms) = preSolution
		Debug|Any CPU = Debug|Any CPU
		Release|Any CPU = Release|Any CPU
	EndGlobalSection
	GlobalSection(ProjectConfigurationPlatforms) = postSolution
		{1BB82508-91DE-42B3-8CBB-6283AF8BF884}.Debug|Any CPU.ActiveCfg = Debug|Any CPU
		{1BB82508-91DE-42B3-8CBB-6283AF8BF884}.Debug|Any CPU.Build.0 = Debug|Any CPU
		{1BB82508-91DE-42B3-8CBB-6283AF8BF884}.Release|Any CPU.ActiveCfg = Release|Any CPU
		{1BB82508-91DE-42B3-8CBB-6283AF8BF884}.Release|Any CPU.Build.0 = Release|Any CPU
	EndGlobalSection
	GlobalSection(SolutionProperties) = preSolution
		HideSolutionNode = FALSE
	EndGlobalSection
	GlobalSection(ExtensibilityGlobals) = postSolution
		SolutionGuid = {9E7A0EFA-8A0C-4417-931E-A9F9DF1C5C0E}
	EndGlobalSection
EndGlobal
